// !$*UTF8*$!
{
	archiveVersion = 1;
	classes = {
	};
	objectVersion = 56;
	objects = {

/* Begin PBXBuildFile section */
		6AABF4222C4EC4BC008B8B8B /* AppDelegate.swift in Sources */ = {isa = PBXBuildFile; fileRef = 6AABF4212C4EC4BC008B8B8B /* AppDelegate.swift */; };
		6AABF4242C4EC4BC008B8B8B /* SceneDelegate.swift in Sources */ = {isa = PBXBuildFile; fileRef = 6AABF4232C4EC4BC008B8B8B /* SceneDelegate.swift */; };
		6AABF4262C4EC4BC008B8B8B /* ViewController.swift in Sources */ = {isa = PBXBuildFile; fileRef = 6AABF4252C4EC4BC008B8B8B /* ViewController.swift */; };
		6AABF4292C4EC4BC008B8B8B /* Main.storyboard in Resources */ = {isa = PBXBuildFile; fileRef = 6AABF4272C4EC4BC008B8B8B /* Main.storyboard */; };
		6AABF42B2C4EC4BF008B8B8B /* Assets.xcassets in Resources */ = {isa = PBXBuildFile; fileRef = 6AABF42A2C4EC4BF008B8B8B /* Assets.xcassets */; };
		6AABF42E2C4EC4BF008B8B8B /* LaunchScreen.storyboard in Resources */ = {isa = PBXBuildFile; fileRef = 6AABF42C2C4EC4BF008B8B8B /* LaunchScreen.storyboard */; };
		6AABF4392C4EC4BF008B8B8B /* SampleTests.swift in Sources */ = {isa = PBXBuildFile; fileRef = 6AABF4382C4EC4BF008B8B8B /* SampleTests.swift */; };
		6AABF4432C4EC4BF008B8B8B /* SampleUITests.swift in Sources */ = {isa = PBXBuildFile; fileRef = 6AABF4422C4EC4BF008B8B8B /* SampleUITests.swift */; };
		6AABF4452C4EC4BF008B8B8B /* SampleUITestsLaunchTests.swift in Sources */ = {isa = PBXBuildFile; fileRef = 6AABF4442C4EC4BF008B8B8B /* SampleUITestsLaunchTests.swift */; };
		6AABF45A2C4ED208008B8B8B /* ListViewCell.swift in Sources */ = {isa = PBXBuildFile; fileRef = 6AABF4592C4ED208008B8B8B /* ListViewCell.swift */; };
		6AABF45D2C4ED316008B8B8B /* ListItemViewController.swift in Sources */ = {isa = PBXBuildFile; fileRef = 6AABF45B2C4ED316008B8B8B /* ListItemViewController.swift */; };
		6AABF4612C4ED524008B8B8B /* ListTableViewCell.swift in Sources */ = {isa = PBXBuildFile; fileRef = 6AABF45F2C4ED524008B8B8B /* ListTableViewCell.swift */; };
		6AABF4622C4ED524008B8B8B /* ListTableViewCell.xib in Resources */ = {isa = PBXBuildFile; fileRef = 6AABF4602C4ED524008B8B8B /* ListTableViewCell.xib */; };
		6AABF4692C4EF691008B8B8B /* SearchCollectionViewCell.swift in Sources */ = {isa = PBXBuildFile; fileRef = 6AABF4672C4EF691008B8B8B /* SearchCollectionViewCell.swift */; };
		6AABF46A2C4EF691008B8B8B /* SearchCollectionViewCell.xib in Resources */ = {isa = PBXBuildFile; fileRef = 6AABF4682C4EF691008B8B8B /* SearchCollectionViewCell.xib */; };
		6AB1640D2C4F768F00E97BE2 /* ImageListCollectionViewCell.swift in Sources */ = {isa = PBXBuildFile; fileRef = 6AB1640C2C4F768F00E97BE2 /* ImageListCollectionViewCell.swift */; };
		6AB164102C4F76CE00E97BE2 /* ImageListViewController.swift in Sources */ = {isa = PBXBuildFile; fileRef = 6AB1640E2C4F76CE00E97BE2 /* ImageListViewController.swift */; };
		6AB164142C4F97FF00E97BE2 /* imageCellCollectionViewCell.swift in Sources */ = {isa = PBXBuildFile; fileRef = 6AB164122C4F97FF00E97BE2 /* imageCellCollectionViewCell.swift */; };
		6AB164152C4F97FF00E97BE2 /* imageCellCollectionViewCell.xib in Resources */ = {isa = PBXBuildFile; fileRef = 6AB164132C4F97FF00E97BE2 /* imageCellCollectionViewCell.xib */; };
		6AB1641B2C4FED5C00E97BE2 /* MainPresenter.swift in Sources */ = {isa = PBXBuildFile; fileRef = 6AB1641A2C4FED5C00E97BE2 /* MainPresenter.swift */; };
/* End PBXBuildFile section */

/* Begin PBXContainerItemProxy section */
		6AABF4352C4EC4BF008B8B8B /* PBXContainerItemProxy */ = {
			isa = PBXContainerItemProxy;
			containerPortal = 6AABF4162C4EC4BC008B8B8B /* Project object */;
			proxyType = 1;
			remoteGlobalIDString = 6AABF41D2C4EC4BC008B8B8B;
			remoteInfo = Sample;
		};
		6AABF43F2C4EC4BF008B8B8B /* PBXContainerItemProxy */ = {
			isa = PBXContainerItemProxy;
			containerPortal = 6AABF4162C4EC4BC008B8B8B /* Project object */;
			proxyType = 1;
			remoteGlobalIDString = 6AABF41D2C4EC4BC008B8B8B;
			remoteInfo = Sample;
		};
/* End PBXContainerItemProxy section */

/* Begin PBXFileReference section */
		6AABF41E2C4EC4BC008B8B8B /* Sample.app */ = {isa = PBXFileReference; explicitFileType = wrapper.application; includeInIndex = 0; path = Sample.app; sourceTree = BUILT_PRODUCTS_DIR; };
		6AABF4212C4EC4BC008B8B8B /* AppDelegate.swift */ = {isa = PBXFileReference; lastKnownFileType = sourcecode.swift; path = AppDelegate.swift; sourceTree = "<group>"; };
		6AABF4232C4EC4BC008B8B8B /* SceneDelegate.swift */ = {isa = PBXFileReference; lastKnownFileType = sourcecode.swift; path = SceneDelegate.swift; sourceTree = "<group>"; };
		6AABF4252C4EC4BC008B8B8B /* ViewController.swift */ = {isa = PBXFileReference; lastKnownFileType = sourcecode.swift; path = ViewController.swift; sourceTree = "<group>"; };
		6AABF4282C4EC4BC008B8B8B /* Base */ = {isa = PBXFileReference; lastKnownFileType = file.storyboard; name = Base; path = Base.lproj/Main.storyboard; sourceTree = "<group>"; };
		6AABF42A2C4EC4BF008B8B8B /* Assets.xcassets */ = {isa = PBXFileReference; lastKnownFileType = folder.assetcatalog; path = Assets.xcassets; sourceTree = "<group>"; };
		6AABF42D2C4EC4BF008B8B8B /* Base */ = {isa = PBXFileReference; lastKnownFileType = file.storyboard; name = Base; path = Base.lproj/LaunchScreen.storyboard; sourceTree = "<group>"; };
		6AABF42F2C4EC4BF008B8B8B /* Info.plist */ = {isa = PBXFileReference; lastKnownFileType = text.plist.xml; path = Info.plist; sourceTree = "<group>"; };
		6AABF4342C4EC4BF008B8B8B /* SampleTests.xctest */ = {isa = PBXFileReference; explicitFileType = wrapper.cfbundle; includeInIndex = 0; path = SampleTests.xctest; sourceTree = BUILT_PRODUCTS_DIR; };
		6AABF4382C4EC4BF008B8B8B /* SampleTests.swift */ = {isa = PBXFileReference; lastKnownFileType = sourcecode.swift; path = SampleTests.swift; sourceTree = "<group>"; };
		6AABF43E2C4EC4BF008B8B8B /* SampleUITests.xctest */ = {isa = PBXFileReference; explicitFileType = wrapper.cfbundle; includeInIndex = 0; path = SampleUITests.xctest; sourceTree = BUILT_PRODUCTS_DIR; };
		6AABF4422C4EC4BF008B8B8B /* SampleUITests.swift */ = {isa = PBXFileReference; lastKnownFileType = sourcecode.swift; path = SampleUITests.swift; sourceTree = "<group>"; };
		6AABF4442C4EC4BF008B8B8B /* SampleUITestsLaunchTests.swift */ = {isa = PBXFileReference; lastKnownFileType = sourcecode.swift; path = SampleUITestsLaunchTests.swift; sourceTree = "<group>"; };
		6AABF4592C4ED208008B8B8B /* ListViewCell.swift */ = {isa = PBXFileReference; lastKnownFileType = sourcecode.swift; path = ListViewCell.swift; sourceTree = "<group>"; };
		6AABF45B2C4ED316008B8B8B /* ListItemViewController.swift */ = {isa = PBXFileReference; lastKnownFileType = sourcecode.swift; path = ListItemViewController.swift; sourceTree = "<group>"; };
		6AABF45F2C4ED524008B8B8B /* ListTableViewCell.swift */ = {isa = PBXFileReference; lastKnownFileType = sourcecode.swift; path = ListTableViewCell.swift; sourceTree = "<group>"; };
		6AABF4602C4ED524008B8B8B /* ListTableViewCell.xib */ = {isa = PBXFileReference; lastKnownFileType = file.xib; path = ListTableViewCell.xib; sourceTree = "<group>"; };
		6AABF4672C4EF691008B8B8B /* SearchCollectionViewCell.swift */ = {isa = PBXFileReference; lastKnownFileType = sourcecode.swift; path = SearchCollectionViewCell.swift; sourceTree = "<group>"; };
		6AABF4682C4EF691008B8B8B /* SearchCollectionViewCell.xib */ = {isa = PBXFileReference; lastKnownFileType = file.xib; path = SearchCollectionViewCell.xib; sourceTree = "<group>"; };
		6AB1640C2C4F768F00E97BE2 /* ImageListCollectionViewCell.swift */ = {isa = PBXFileReference; lastKnownFileType = sourcecode.swift; path = ImageListCollectionViewCell.swift; sourceTree = "<group>"; };
		6AB1640E2C4F76CE00E97BE2 /* ImageListViewController.swift */ = {isa = PBXFileReference; lastKnownFileType = sourcecode.swift; path = ImageListViewController.swift; sourceTree = "<group>"; };
		6AB164122C4F97FF00E97BE2 /* imageCellCollectionViewCell.swift */ = {isa = PBXFileReference; lastKnownFileType = sourcecode.swift; path = imageCellCollectionViewCell.swift; sourceTree = "<group>"; };
		6AB164132C4F97FF00E97BE2 /* imageCellCollectionViewCell.xib */ = {isa = PBXFileReference; lastKnownFileType = file.xib; path = imageCellCollectionViewCell.xib; sourceTree = "<group>"; };
		6AB1641A2C4FED5C00E97BE2 /* MainPresenter.swift */ = {isa = PBXFileReference; lastKnownFileType = sourcecode.swift; path = MainPresenter.swift; sourceTree = "<group>"; };
/* End PBXFileReference section */

/* Begin PBXFrameworksBuildPhase section */
		6AABF41B2C4EC4BC008B8B8B /* Frameworks */ = {
			isa = PBXFrameworksBuildPhase;
			buildActionMask = 2147483647;
			files = (
			);
			runOnlyForDeploymentPostprocessing = 0;
		};
		6AABF4312C4EC4BF008B8B8B /* Frameworks */ = {
			isa = PBXFrameworksBuildPhase;
			buildActionMask = 2147483647;
			files = (
			);
			runOnlyForDeploymentPostprocessing = 0;
		};
		6AABF43B2C4EC4BF008B8B8B /* Frameworks */ = {
			isa = PBXFrameworksBuildPhase;
			buildActionMask = 2147483647;
			files = (
			);
			runOnlyForDeploymentPostprocessing = 0;
		};
/* End PBXFrameworksBuildPhase section */

/* Begin PBXGroup section */
		6AABF4152C4EC4BC008B8B8B = {
			isa = PBXGroup;
			children = (
				6AABF4202C4EC4BC008B8B8B /* Sample */,
				6AABF4372C4EC4BF008B8B8B /* SampleTests */,
				6AABF4412C4EC4BF008B8B8B /* SampleUITests */,
				6AABF41F2C4EC4BC008B8B8B /* Products */,
			);
			sourceTree = "<group>";
		};
		6AABF41F2C4EC4BC008B8B8B /* Products */ = {
			isa = PBXGroup;
			children = (
				6AABF41E2C4EC4BC008B8B8B /* Sample.app */,
				6AABF4342C4EC4BF008B8B8B /* SampleTests.xctest */,
				6AABF43E2C4EC4BF008B8B8B /* SampleUITests.xctest */,
			);
			name = Products;
			sourceTree = "<group>";
		};
		6AABF4202C4EC4BC008B8B8B /* Sample */ = {
			isa = PBXGroup;
			children = (
				6AABF4212C4EC4BC008B8B8B /* AppDelegate.swift */,
				6AABF4232C4EC4BC008B8B8B /* SceneDelegate.swift */,
				6AB164182C4FEC9000E97BE2 /* MainViewController */,
				6AB164192C4FED0600E97BE2 /* cell */,
				6AB164132C4F97FF00E97BE2 /* imageCellCollectionViewCell.xib */,
				6AABF4602C4ED524008B8B8B /* ListTableViewCell.xib */,
				6AABF4682C4EF691008B8B8B /* SearchCollectionViewCell.xib */,
				6AABF4272C4EC4BC008B8B8B /* Main.storyboard */,
				6AABF42A2C4EC4BF008B8B8B /* Assets.xcassets */,
				6AABF42C2C4EC4BF008B8B8B /* LaunchScreen.storyboard */,
				6AABF42F2C4EC4BF008B8B8B /* Info.plist */,
			);
			path = Sample;
			sourceTree = "<group>";
		};
		6AABF4372C4EC4BF008B8B8B /* SampleTests */ = {
			isa = PBXGroup;
			children = (
				6AABF4382C4EC4BF008B8B8B /* SampleTests.swift */,
			);
			path = SampleTests;
			sourceTree = "<group>";
		};
		6AABF4412C4EC4BF008B8B8B /* SampleUITests */ = {
			isa = PBXGroup;
			children = (
				6AABF4422C4EC4BF008B8B8B /* SampleUITests.swift */,
				6AABF4442C4EC4BF008B8B8B /* SampleUITestsLaunchTests.swift */,
			);
			path = SampleUITests;
			sourceTree = "<group>";
		};
		6AB164182C4FEC9000E97BE2 /* MainViewController */ = {
			isa = PBXGroup;
			children = (
				6AB1640E2C4F76CE00E97BE2 /* ImageListViewController.swift */,
				6AABF4252C4EC4BC008B8B8B /* ViewController.swift */,
				6AABF45B2C4ED316008B8B8B /* ListItemViewController.swift */,
				6AB1641A2C4FED5C00E97BE2 /* MainPresenter.swift */,
			);
			path = MainViewController;
			sourceTree = "<group>";
		};
		6AB164192C4FED0600E97BE2 /* cell */ = {
			isa = PBXGroup;
			children = (
				6AABF4592C4ED208008B8B8B /* ListViewCell.swift */,
				6AABF45F2C4ED524008B8B8B /* ListTableViewCell.swift */,
				6AABF4672C4EF691008B8B8B /* SearchCollectionViewCell.swift */,
				6AB1640C2C4F768F00E97BE2 /* ImageListCollectionViewCell.swift */,
				6AB164122C4F97FF00E97BE2 /* imageCellCollectionViewCell.swift */,
			);
			path = cell;
			sourceTree = "<group>";
		};
/* End PBXGroup section */

/* Begin PBXNativeTarget section */
		6AABF41D2C4EC4BC008B8B8B /* Sample */ = {
			isa = PBXNativeTarget;
			buildConfigurationList = 6AABF4482C4EC4BF008B8B8B /* Build configuration list for PBXNativeTarget "Sample" */;
			buildPhases = (
				6AABF41A2C4EC4BC008B8B8B /* Sources */,
				6AABF41B2C4EC4BC008B8B8B /* Frameworks */,
				6AABF41C2C4EC4BC008B8B8B /* Resources */,
			);
			buildRules = (
			);
			dependencies = (
			);
			name = Sample;
			productName = Sample;
			productReference = 6AABF41E2C4EC4BC008B8B8B /* Sample.app */;
			productType = "com.apple.product-type.application";
		};
		6AABF4332C4EC4BF008B8B8B /* SampleTests */ = {
			isa = PBXNativeTarget;
			buildConfigurationList = 6AABF44B2C4EC4BF008B8B8B /* Build configuration list for PBXNativeTarget "SampleTests" */;
			buildPhases = (
				6AABF4302C4EC4BF008B8B8B /* Sources */,
				6AABF4312C4EC4BF008B8B8B /* Frameworks */,
				6AABF4322C4EC4BF008B8B8B /* Resources */,
			);
			buildRules = (
			);
			dependencies = (
				6AABF4362C4EC4BF008B8B8B /* PBXTargetDependency */,
			);
			name = SampleTests;
			productName = SampleTests;
			productReference = 6AABF4342C4EC4BF008B8B8B /* SampleTests.xctest */;
			productType = "com.apple.product-type.bundle.unit-test";
		};
		6AABF43D2C4EC4BF008B8B8B /* SampleUITests */ = {
			isa = PBXNativeTarget;
			buildConfigurationList = 6AABF44E2C4EC4BF008B8B8B /* Build configuration list for PBXNativeTarget "SampleUITests" */;
			buildPhases = (
				6AABF43A2C4EC4BF008B8B8B /* Sources */,
				6AABF43B2C4EC4BF008B8B8B /* Frameworks */,
				6AABF43C2C4EC4BF008B8B8B /* Resources */,
			);
			buildRules = (
			);
			dependencies = (
				6AABF4402C4EC4BF008B8B8B /* PBXTargetDependency */,
			);
			name = SampleUITests;
			productName = SampleUITests;
			productReference = 6AABF43E2C4EC4BF008B8B8B /* SampleUITests.xctest */;
			productType = "com.apple.product-type.bundle.ui-testing";
		};
/* End PBXNativeTarget section */

/* Begin PBXProject section */
		6AABF4162C4EC4BC008B8B8B /* Project object */ = {
			isa = PBXProject;
			attributes = {
				BuildIndependentTargetsInParallel = 1;
				LastSwiftUpdateCheck = 1420;
				LastUpgradeCheck = 1420;
				TargetAttributes = {
					6AABF41D2C4EC4BC008B8B8B = {
						CreatedOnToolsVersion = 14.2;
					};
					6AABF4332C4EC4BF008B8B8B = {
						CreatedOnToolsVersion = 14.2;
						TestTargetID = 6AABF41D2C4EC4BC008B8B8B;
					};
					6AABF43D2C4EC4BF008B8B8B = {
						CreatedOnToolsVersion = 14.2;
						TestTargetID = 6AABF41D2C4EC4BC008B8B8B;
					};
				};
			};
			buildConfigurationList = 6AABF4192C4EC4BC008B8B8B /* Build configuration list for PBXProject "Sample" */;
			compatibilityVersion = "Xcode 14.0";
			developmentRegion = en;
			hasScannedForEncodings = 0;
			knownRegions = (
				en,
				Base,
			);
			mainGroup = 6AABF4152C4EC4BC008B8B8B;
			productRefGroup = 6AABF41F2C4EC4BC008B8B8B /* Products */;
			projectDirPath = "";
			projectRoot = "";
			targets = (
				6AABF41D2C4EC4BC008B8B8B /* Sample */,
				6AABF4332C4EC4BF008B8B8B /* SampleTests */,
				6AABF43D2C4EC4BF008B8B8B /* SampleUITests */,
			);
		};
/* End PBXProject section */

/* Begin PBXResourcesBuildPhase section */
		6AABF41C2C4EC4BC008B8B8B /* Resources */ = {
			isa = PBXResourcesBuildPhase;
			buildActionMask = 2147483647;
			files = (
				6AABF46A2C4EF691008B8B8B /* SearchCollectionViewCell.xib in Resources */,
				6AABF42E2C4EC4BF008B8B8B /* LaunchScreen.storyboard in Resources */,
				6AB164152C4F97FF00E97BE2 /* imageCellCollectionViewCell.xib in Resources */,
				6AABF42B2C4EC4BF008B8B8B /* Assets.xcassets in Resources */,
				6AABF4292C4EC4BC008B8B8B /* Main.storyboard in Resources */,
				6AABF4622C4ED524008B8B8B /* ListTableViewCell.xib in Resources */,
			);
			runOnlyForDeploymentPostprocessing = 0;
		};
		6AABF4322C4EC4BF008B8B8B /* Resources */ = {
			isa = PBXResourcesBuildPhase;
			buildActionMask = 2147483647;
			files = (
			);
			runOnlyForDeploymentPostprocessing = 0;
		};
		6AABF43C2C4EC4BF008B8B8B /* Resources */ = {
			isa = PBXResourcesBuildPhase;
			buildActionMask = 2147483647;
			files = (
			);
			runOnlyForDeploymentPostprocessing = 0;
		};
/* End PBXResourcesBuildPhase section */

/* Begin PBXSourcesBuildPhase section */
		6AABF41A2C4EC4BC008B8B8B /* Sources */ = {
			isa = PBXSourcesBuildPhase;
			buildActionMask = 2147483647;
			files = (
				6AB164102C4F76CE00E97BE2 /* ImageListViewController.swift in Sources */,
				6AABF4612C4ED524008B8B8B /* ListTableViewCell.swift in Sources */,
				6AB164142C4F97FF00E97BE2 /* imageCellCollectionViewCell.swift in Sources */,
				6AABF4262C4EC4BC008B8B8B /* ViewController.swift in Sources */,
				6AABF4222C4EC4BC008B8B8B /* AppDelegate.swift in Sources */,
				6AABF45D2C4ED316008B8B8B /* ListItemViewController.swift in Sources */,
				6AABF45A2C4ED208008B8B8B /* ListViewCell.swift in Sources */,
				6AB1640D2C4F768F00E97BE2 /* ImageListCollectionViewCell.swift in Sources */,
				6AB1641B2C4FED5C00E97BE2 /* MainPresenter.swift in Sources */,
				6AABF4692C4EF691008B8B8B /* SearchCollectionViewCell.swift in Sources */,
				6AABF4242C4EC4BC008B8B8B /* SceneDelegate.swift in Sources */,
			);
			runOnlyForDeploymentPostprocessing = 0;
		};
		6AABF4302C4EC4BF008B8B8B /* Sources */ = {
			isa = PBXSourcesBuildPhase;
			buildActionMask = 2147483647;
			files = (
				6AABF4392C4EC4BF008B8B8B /* SampleTests.swift in Sources */,
			);
			runOnlyForDeploymentPostprocessing = 0;
		};
		6AABF43A2C4EC4BF008B8B8B /* Sources */ = {
			isa = PBXSourcesBuildPhase;
			buildActionMask = 2147483647;
			files = (
				6AABF4452C4EC4BF008B8B8B /* SampleUITestsLaunchTests.swift in Sources */,
				6AABF4432C4EC4BF008B8B8B /* SampleUITests.swift in Sources */,
			);
			runOnlyForDeploymentPostprocessing = 0;
		};
/* End PBXSourcesBuildPhase section */

/* Begin PBXTargetDependency section */
		6AABF4362C4EC4BF008B8B8B /* PBXTargetDependency */ = {
			isa = PBXTargetDependency;
			target = 6AABF41D2C4EC4BC008B8B8B /* Sample */;
			targetProxy = 6AABF4352C4EC4BF008B8B8B /* PBXContainerItemProxy */;
		};
		6AABF4402C4EC4BF008B8B8B /* PBXTargetDependency */ = {
			isa = PBXTargetDependency;
			target = 6AABF41D2C4EC4BC008B8B8B /* Sample */;
			targetProxy = 6AABF43F2C4EC4BF008B8B8B /* PBXContainerItemProxy */;
		};
/* End PBXTargetDependency section */

/* Begin PBXVariantGroup section */
		6AABF4272C4EC4BC008B8B8B /* Main.storyboard */ = {
			isa = PBXVariantGroup;
			children = (
				6AABF4282C4EC4BC008B8B8B /* Base */,
			);
			name = Main.storyboard;
			sourceTree = "<group>";
		};
		6AABF42C2C4EC4BF008B8B8B /* LaunchScreen.storyboard */ = {
			isa = PBXVariantGroup;
			children = (
				6AABF42D2C4EC4BF008B8B8B /* Base */,
			);
			name = LaunchScreen.storyboard;
			sourceTree = "<group>";
		};
/* End PBXVariantGroup section */

/* Begin XCBuildConfiguration section */
		6AABF4462C4EC4BF008B8B8B /* Debug */ = {
			isa = XCBuildConfiguration;
			buildSettings = {
				ALWAYS_SEARCH_USER_PATHS = NO;
				CLANG_ANALYZER_NONNULL = YES;
				CLANG_ANALYZER_NUMBER_OBJECT_CONVERSION = YES_AGGRESSIVE;
				CLANG_CXX_LANGUAGE_STANDARD = "gnu++20";
				CLANG_ENABLE_MODULES = YES;
				CLANG_ENABLE_OBJC_ARC = YES;
				CLANG_ENABLE_OBJC_WEAK = YES;
				CLANG_WARN_BLOCK_CAPTURE_AUTORELEASING = YES;
				CLANG_WARN_BOOL_CONVERSION = YES;
				CLANG_WARN_COMMA = YES;
				CLANG_WARN_CONSTANT_CONVERSION = YES;
				CLANG_WARN_DEPRECATED_OBJC_IMPLEMENTATIONS = YES;
				CLANG_WARN_DIRECT_OBJC_ISA_USAGE = YES_ERROR;
				CLANG_WARN_DOCUMENTATION_COMMENTS = YES;
				CLANG_WARN_EMPTY_BODY = YES;
				CLANG_WARN_ENUM_CONVERSION = YES;
				CLANG_WARN_INFINITE_RECURSION = YES;
				CLANG_WARN_INT_CONVERSION = YES;
				CLANG_WARN_NON_LITERAL_NULL_CONVERSION = YES;
				CLANG_WARN_OBJC_IMPLICIT_RETAIN_SELF = YES;
				CLANG_WARN_OBJC_LITERAL_CONVERSION = YES;
				CLANG_WARN_OBJC_ROOT_CLASS = YES_ERROR;
				CLANG_WARN_QUOTED_INCLUDE_IN_FRAMEWORK_HEADER = YES;
				CLANG_WARN_RANGE_LOOP_ANALYSIS = YES;
				CLANG_WARN_STRICT_PROTOTYPES = YES;
				CLANG_WARN_SUSPICIOUS_MOVE = YES;
				CLANG_WARN_UNGUARDED_AVAILABILITY = YES_AGGRESSIVE;
				CLANG_WARN_UNREACHABLE_CODE = YES;
				CLANG_WARN__DUPLICATE_METHOD_MATCH = YES;
				COPY_PHASE_STRIP = NO;
				DEBUG_INFORMATION_FORMAT = dwarf;
				ENABLE_STRICT_OBJC_MSGSEND = YES;
				ENABLE_TESTABILITY = YES;
				GCC_C_LANGUAGE_STANDARD = gnu11;
				GCC_DYNAMIC_NO_PIC = NO;
				GCC_NO_COMMON_BLOCKS = YES;
				GCC_OPTIMIZATION_LEVEL = 0;
				GCC_PREPROCESSOR_DEFINITIONS = (
					"DEBUG=1",
					"$(inherited)",
				);
				GCC_WARN_64_TO_32_BIT_CONVERSION = YES;
				GCC_WARN_ABOUT_RETURN_TYPE = YES_ERROR;
				GCC_WARN_UNDECLARED_SELECTOR = YES;
				GCC_WARN_UNINITIALIZED_AUTOS = YES_AGGRESSIVE;
				GCC_WARN_UNUSED_FUNCTION = YES;
				GCC_WARN_UNUSED_VARIABLE = YES;
				IPHONEOS_DEPLOYMENT_TARGET = 16.2;
				MTL_ENABLE_DEBUG_INFO = INCLUDE_SOURCE;
				MTL_FAST_MATH = YES;
				ONLY_ACTIVE_ARCH = YES;
				SDKROOT = iphoneos;
				SWIFT_ACTIVE_COMPILATION_CONDITIONS = DEBUG;
				SWIFT_OPTIMIZATION_LEVEL = "-Onone";
			};
			name = Debug;
		};
		6AABF4472C4EC4BF008B8B8B /* Release */ = {
			isa = XCBuildConfiguration;
			buildSettings = {
				ALWAYS_SEARCH_USER_PATHS = NO;
				CLANG_ANALYZER_NONNULL = YES;
				CLANG_ANALYZER_NUMBER_OBJECT_CONVERSION = YES_AGGRESSIVE;
				CLANG_CXX_LANGUAGE_STANDARD = "gnu++20";
				CLANG_ENABLE_MODULES = YES;
				CLANG_ENABLE_OBJC_ARC = YES;
				CLANG_ENABLE_OBJC_WEAK = YES;
				CLANG_WARN_BLOCK_CAPTURE_AUTORELEASING = YES;
				CLANG_WARN_BOOL_CONVERSION = YES;
				CLANG_WARN_COMMA = YES;
				CLANG_WARN_CONSTANT_CONVERSION = YES;
				CLANG_WARN_DEPRECATED_OBJC_IMPLEMENTATIONS = YES;
				CLANG_WARN_DIRECT_OBJC_ISA_USAGE = YES_ERROR;
				CLANG_WARN_DOCUMENTATION_COMMENTS = YES;
				CLANG_WARN_EMPTY_BODY = YES;
				CLANG_WARN_ENUM_CONVERSION = YES;
				CLANG_WARN_INFINITE_RECURSION = YES;
				CLANG_WARN_INT_CONVERSION = YES;
				CLANG_WARN_NON_LITERAL_NULL_CONVERSION = YES;
				CLANG_WARN_OBJC_IMPLICIT_RETAIN_SELF = YES;
				CLANG_WARN_OBJC_LITERAL_CONVERSION = YES;
				CLANG_WARN_OBJC_ROOT_CLASS = YES_ERROR;
				CLANG_WARN_QUOTED_INCLUDE_IN_FRAMEWORK_HEADER = YES;
				CLANG_WARN_RANGE_LOOP_ANALYSIS = YES;
				CLANG_WARN_STRICT_PROTOTYPES = YES;
				CLANG_WARN_SUSPICIOUS_MOVE = YES;
				CLANG_WARN_UNGUARDED_AVAILABILITY = YES_AGGRESSIVE;
				CLANG_WARN_UNREACHABLE_CODE = YES;
				CLANG_WARN__DUPLICATE_METHOD_MATCH = YES;
				COPY_PHASE_STRIP = NO;
				DEBUG_INFORMATION_FORMAT = "dwarf-with-dsym";
				ENABLE_NS_ASSERTIONS = NO;
				ENABLE_STRICT_OBJC_MSGSEND = YES;
				GCC_C_LANGUAGE_STANDARD = gnu11;
				GCC_NO_COMMON_BLOCKS = YES;
				GCC_WARN_64_TO_32_BIT_CONVERSION = YES;
				GCC_WARN_ABOUT_RETURN_TYPE = YES_ERROR;
				GCC_WARN_UNDECLARED_SELECTOR = YES;
				GCC_WARN_UNINITIALIZED_AUTOS = YES_AGGRESSIVE;
				GCC_WARN_UNUSED_FUNCTION = YES;
				GCC_WARN_UNUSED_VARIABLE = YES;
				IPHONEOS_DEPLOYMENT_TARGET = 16.2;
				MTL_ENABLE_DEBUG_INFO = NO;
				MTL_FAST_MATH = YES;
				SDKROOT = iphoneos;
				SWIFT_COMPILATION_MODE = wholemodule;
				SWIFT_OPTIMIZATION_LEVEL = "-O";
				VALIDATE_PRODUCT = YES;
			};
			name = Release;
		};
		6AABF4492C4EC4BF008B8B8B /* Debug */ = {
			isa = XCBuildConfiguration;
			buildSettings = {
				ASSETCATALOG_COMPILER_APPICON_NAME = AppIcon;
				ASSETCATALOG_COMPILER_GLOBAL_ACCENT_COLOR_NAME = AccentColor;
				CODE_SIGN_STYLE = Automatic;
				CURRENT_PROJECT_VERSION = 1;
				"EXCLUDED_ARCHS[sdk=iphonesimulator*]" = arm64;
				GENERATE_INFOPLIST_FILE = YES;
				INFOPLIST_FILE = Sample/Info.plist;
				INFOPLIST_KEY_UIApplicationSupportsIndirectInputEvents = YES;
				INFOPLIST_KEY_UILaunchStoryboardName = LaunchScreen;
				INFOPLIST_KEY_UIMainStoryboardFile = Main;
				INFOPLIST_KEY_UISupportedInterfaceOrientations_iPad = "UIInterfaceOrientationPortrait UIInterfaceOrientationPortraitUpsideDown UIInterfaceOrientationLandscapeLeft UIInterfaceOrientationLandscapeRight";
				INFOPLIST_KEY_UISupportedInterfaceOrientations_iPhone = "UIInterfaceOrientationPortrait UIInterfaceOrientationLandscapeLeft UIInterfaceOrientationLandscapeRight";
				LD_RUNPATH_SEARCH_PATHS = (
					"$(inherited)",
					"@executable_path/Frameworks",
				);
				MARKETING_VERSION = 1.0;
				PRODUCT_BUNDLE_IDENTIFIER = sample.com.Sample;
				PRODUCT_NAME = "$(TARGET_NAME)";
				SWIFT_EMIT_LOC_STRINGS = YES;
				SWIFT_VERSION = 5.0;
				TARGETED_DEVICE_FAMILY = "1,2";
			};
			name = Debug;
		};
		6AABF44A2C4EC4BF008B8B8B /* Release */ = {
			isa = XCBuildConfiguration;
			buildSettings = {
				ASSETCATALOG_COMPILER_APPICON_NAME = AppIcon;
				ASSETCATALOG_COMPILER_GLOBAL_ACCENT_COLOR_NAME = AccentColor;
				CODE_SIGN_STYLE = Automatic;
				CURRENT_PROJECT_VERSION = 1;
				"EXCLUDED_ARCHS[sdk=iphonesimulator*]" = arm64;
				GENERATE_INFOPLIST_FILE = YES;
				INFOPLIST_FILE = Sample/Info.plist;
				INFOPLIST_KEY_UIApplicationSupportsIndirectInputEvents = YES;
				INFOPLIST_KEY_UILaunchStoryboardName = LaunchScreen;
				INFOPLIST_KEY_UIMainStoryboardFile = Main;
				INFOPLIST_KEY_UISupportedInterfaceOrientations_iPad = "UIInterfaceOrientationPortrait UIInterfaceOrientationPortraitUpsideDown UIInterfaceOrientationLandscapeLeft UIInterfaceOrientationLandscapeRight";
				INFOPLIST_KEY_UISupportedInterfaceOrientations_iPhone = "UIInterfaceOrientationPortrait UIInterfaceOrientationLandscapeLeft UIInterfaceOrientationLandscapeRight";
				LD_RUNPATH_SEARCH_PATHS = (
					"$(inherited)",
					"@executable_path/Frameworks",
				);
				MARKETING_VERSION = 1.0;
				PRODUCT_BUNDLE_IDENTIFIER = sample.com.Sample;
				PRODUCT_NAME = "$(TARGET_NAME)";
				SWIFT_EMIT_LOC_STRINGS = YES;
				SWIFT_VERSION = 5.0;
				TARGETED_DEVICE_FAMILY = "1,2";
			};
			name = Release;
		};
		6AABF44C2C4EC4BF008B8B8B /* Debug */ = {
			isa = XCBuildConfiguration;
			buildSettings = {
				ALWAYS_EMBED_SWIFT_STANDARD_LIBRARIES = YES;
				BUNDLE_LOADER = "$(TEST_HOST)";
				CODE_SIGN_STYLE = Automatic;
				CURRENT_PROJECT_VERSION = 1;
				GENERATE_INFOPLIST_FILE = YES;
				IPHONEOS_DEPLOYMENT_TARGET = 16.2;
				MARKETING_VERSION = 1.0;
				PRODUCT_BUNDLE_IDENTIFIER = sample.com.SampleTests;
				PRODUCT_NAME = "$(TARGET_NAME)";
				SWIFT_EMIT_LOC_STRINGS = NO;
				SWIFT_VERSION = 5.0;
				TARGETED_DEVICE_FAMILY = "1,2";
				TEST_HOST = "$(BUILT_PRODUCTS_DIR)/Sample.app/$(BUNDLE_EXECUTABLE_FOLDER_PATH)/Sample";
			};
			name = Debug;
		};
		6AABF44D2C4EC4BF008B8B8B /* Release */ = {
			isa = XCBuildConfiguration;
			buildSettings = {
				ALWAYS_EMBED_SWIFT_STANDARD_LIBRARIES = YES;
				BUNDLE_LOADER = "$(TEST_HOST)";
				CODE_SIGN_STYLE = Automatic;
				CURRENT_PROJECT_VERSION = 1;
				GENERATE_INFOPLIST_FILE = YES;
				IPHONEOS_DEPLOYMENT_TARGET = 16.2;
				MARKETING_VERSION = 1.0;
				PRODUCT_BUNDLE_IDENTIFIER = sample.com.SampleTests;
				PRODUCT_NAME = "$(TARGET_NAME)";
				SWIFT_EMIT_LOC_STRINGS = NO;
				SWIFT_VERSION = 5.0;
				TARGETED_DEVICE_FAMILY = "1,2";
				TEST_HOST = "$(BUILT_PRODUCTS_DIR)/Sample.app/$(BUNDLE_EXECUTABLE_FOLDER_PATH)/Sample";
			};
			name = Release;
		};
		6AABF44F2C4EC4BF008B8B8B /* Debug */ = {
			isa = XCBuildConfiguration;
			buildSettings = {
				ALWAYS_EMBED_SWIFT_STANDARD_LIBRARIES = YES;
				CODE_SIGN_STYLE = Automatic;
				CURRENT_PROJECT_VERSION = 1;
				GENERATE_INFOPLIST_FILE = YES;
				MARKETING_VERSION = 1.0;
				PRODUCT_BUNDLE_IDENTIFIER = sample.com.SampleUITests;
				PRODUCT_NAME = "$(TARGET_NAME)";
				SWIFT_EMIT_LOC_STRINGS = NO;
				SWIFT_VERSION = 5.0;
				TARGETED_DEVICE_FAMILY = "1,2";
				TEST_TARGET_NAME = Sample;
			};
			name = Debug;
		};
		6AABF4502C4EC4BF008B8B8B /* Release */ = {
			isa = XCBuildConfiguration;
			buildSettings = {
				ALWAYS_EMBED_SWIFT_STANDARD_LIBRARIES = YES;
				CODE_SIGN_STYLE = Automatic;
				CURRENT_PROJECT_VERSION = 1;
				GENERATE_INFOPLIST_FILE = YES;
				MARKETING_VERSION = 1.0;
				PRODUCT_BUNDLE_IDENTIFIER = sample.com.SampleUITests;
				PRODUCT_NAME = "$(TARGET_NAME)";
				SWIFT_EMIT_LOC_STRINGS = NO;
				SWIFT_VERSION = 5.0;
				TARGETED_DEVICE_FAMILY = "1,2";
				TEST_TARGET_NAME = Sample;
			};
			name = Release;
		};
/* End XCBuildConfiguration section */

/* Begin XCConfigurationList section */
		6AABF4192C4EC4BC008B8B8B /* Build configuration list for PBXProject "Sample" */ = {
			isa = XCConfigurationList;
			buildConfigurations = (
				6AABF4462C4EC4BF008B8B8B /* Debug */,
				6AABF4472C4EC4BF008B8B8B /* Release */,
			);
			defaultConfigurationIsVisible = 0;
			defaultConfigurationName = Release;
		};
		6AABF4482C4EC4BF008B8B8B /* Build configuration list for PBXNativeTarget "Sample" */ = {
			isa = XCConfigurationList;
			buildConfigurations = (
				6AABF4492C4EC4BF008B8B8B /* Debug */,
				6AABF44A2C4EC4BF008B8B8B /* Release */,
			);
			defaultConfigurationIsVisible = 0;
			defaultConfigurationName = Release;
		};
		6AABF44B2C4EC4BF008B8B8B /* Build configuration list for PBXNativeTarget "SampleTests" */ = {
			isa = XCConfigurationList;
			buildConfigurations = (
				6AABF44C2C4EC4BF008B8B8B /* Debug */,
				6AABF44D2C4EC4BF008B8B8B /* Release */,
			);
			defaultConfigurationIsVisible = 0;
			defaultConfigurationName = Release;
		};
		6AABF44E2C4EC4BF008B8B8B /* Build configuration list for PBXNativeTarget "SampleUITests" */ = {
			isa = XCConfigurationList;
			buildConfigurations = (
				6AABF44F2C4EC4BF008B8B8B /* Debug */,
				6AABF4502C4EC4BF008B8B8B /* Release */,
			);
			defaultConfigurationIsVisible = 0;
			defaultConfigurationName = Release;
		};
/* End XCConfigurationList section */
	};
	rootObject = 6AABF4162C4EC4BC008B8B8B /* Project object */;
}
